
Microsoft Visual Studio Solution File, Format Version 12.00
# Visual Studio Version 16
VisualStudioVersion = 16.0.31515.178
MinimumVisualStudioVersion = 10.0.40219.1
Project("{9A19103F-16F7-4668-BE54-9A1E7A4F7556}") = "AurigainLoanERP.Shared", "AurigainLoanERP.Shared\AurigainLoanERP.Shared.csproj", "{E5BC01AA-A5CA-45E4-91D2-F1CE86B771F8}"
EndProject
Project("{9A19103F-16F7-4668-BE54-9A1E7A4F7556}") = "AurigainLoanERP.Services", "AurigainLoanERP.Services\AurigainLoanERP.Services.csproj", "{803FA025-5648-45AE-854E-4D180F2D3AE1}"
EndProject
Project("{9A19103F-16F7-4668-BE54-9A1E7A4F7556}") = "AurigainLoanERP.Data", "AurigainLoanERP.Data\AurigainLoanERP.Data.csproj", "{77CC4198-35F6-4A3C-A322-0AB408FA7699}"
EndProject
Project("{9A19103F-16F7-4668-BE54-9A1E7A4F7556}") = "AurigainLoanERP.Api", "AurigainLoanERP.Api\AurigainLoanERP.Api.csproj", "{A1BDDB9E-BE96-4928-89AF-33B2BAC2B364}"
EndProject
Project("{00D1A9C2-B5F0-4AF3-8072-F6C62B433612}") = "AurigainLoanERP.Database", "AurigainLoanERP.Database\AurigainLoanERP.Database.sqlproj", "{658F7346-EB89-472A-92D5-AD27C4D3D0DA}"
EndProject
Global
	GlobalSection(SolutionConfigurationPlatforms) = preSolution
		Debug|Any CPU = Debug|Any CPU
		Release|Any CPU = Release|Any CPU
	EndGlobalSection
	GlobalSection(ProjectConfigurationPlatforms) = postSolution
		{E5BC01AA-A5CA-45E4-91D2-F1CE86B771F8}.Debug|Any CPU.ActiveCfg = Debug|Any CPU
		{E5BC01AA-A5CA-45E4-91D2-F1CE86B771F8}.Debug|Any CPU.Build.0 = Debug|Any CPU
		{E5BC01AA-A5CA-45E4-91D2-F1CE86B771F8}.Release|Any CPU.ActiveCfg = Release|Any CPU
		{E5BC01AA-A5CA-45E4-91D2-F1CE86B771F8}.Release|Any CPU.Build.0 = Release|Any CPU
		{803FA025-5648-45AE-854E-4D180F2D3AE1}.Debug|Any CPU.ActiveCfg = Debug|Any CPU
		{803FA025-5648-45AE-854E-4D180F2D3AE1}.Debug|Any CPU.Build.0 = Debug|Any CPU
		{803FA025-5648-45AE-854E-4D180F2D3AE1}.Release|Any CPU.ActiveCfg = Release|Any CPU
		{803FA025-5648-45AE-854E-4D180F2D3AE1}.Release|Any CPU.Build.0 = Release|Any CPU
		{77CC4198-35F6-4A3C-A322-0AB408FA7699}.Debug|Any CPU.ActiveCfg = Debug|Any CPU
		{77CC4198-35F6-4A3C-A322-0AB408FA7699}.Debug|Any CPU.Build.0 = Debug|Any CPU
		{77CC4198-35F6-4A3C-A322-0AB408FA7699}.Release|Any CPU.ActiveCfg = Release|Any CPU
		{77CC4198-35F6-4A3C-A322-0AB408FA7699}.Release|Any CPU.Build.0 = Release|Any CPU
		{A1BDDB9E-BE96-4928-89AF-33B2BAC2B364}.Debug|Any CPU.ActiveCfg = Debug|Any CPU
		{A1BDDB9E-BE96-4928-89AF-33B2BAC2B364}.Debug|Any CPU.Build.0 = Debug|Any CPU
		{A1BDDB9E-BE96-4928-89AF-33B2BAC2B364}.Release|Any CPU.ActiveCfg = Release|Any CPU
		{A1BDDB9E-BE96-4928-89AF-33B2BAC2B364}.Release|Any CPU.Build.0 = Release|Any CPU
		{658F7346-EB89-472A-92D5-AD27C4D3D0DA}.Debug|Any CPU.ActiveCfg = Debug|Any CPU
		{658F7346-EB89-472A-92D5-AD27C4D3D0DA}.Debug|Any CPU.Build.0 = Debug|Any CPU
		{658F7346-EB89-472A-92D5-AD27C4D3D0DA}.Debug|Any CPU.Deploy.0 = Debug|Any CPU
		{658F7346-EB89-472A-92D5-AD27C4D3D0DA}.Release|Any CPU.ActiveCfg = Release|Any CPU
		{658F7346-EB89-472A-92D5-AD27C4D3D0DA}.Release|Any CPU.Build.0 = Release|Any CPU
		{658F7346-EB89-472A-92D5-AD27C4D3D0DA}.Release|Any CPU.Deploy.0 = Release|Any CPU
	EndGlobalSection
	GlobalSection(SolutionProperties) = preSolution
		HideSolutionNode = FALSE
	EndGlobalSection
	GlobalSection(ExtensibilityGlobals) = postSolution
		SolutionGuid = {16A7FA0F-D05C-4C83-9A0C-469E4DAA8F54}
	EndGlobalSection
EndGlobal
